{
  "name": "serverless-diffs",
  "version": "1.0.0",
  "lockfileVersion": 1,
  "requires": true,
  "dependencies": {
    "@types/node": {
      "version": "12.20.7",
      "resolved": "https://registry.npmjs.org/@types/node/-/node-12.20.7.tgz",
      "integrity": "sha512-gWL8VUkg8VRaCAUgG9WmhefMqHmMblxe2rVpMF86nZY/+ZysU+BkAp+3cz03AixWDSSz0ks5WX59yAhv/cDwFA==",
      "dev": true
    },
    "@types/serverless": {
      "version": "1.78.24",
      "resolved": "https://registry.npmjs.org/@types/serverless/-/serverless-1.78.24.tgz",
      "integrity": "sha512-FyDAfwOmn6dGWT/nWA6d6TS1Ck7EQ38FUTplYMeHnqZkGjtl80oQdEHohAJ0h4pNzRIb/GXoao/xj9PHIvDbtQ==",
      "dev": true
    },
    "typescript": {
      "version": "3.9.9",
      "resolved": "https://registry.npmjs.org/typescript/-/typescript-3.9.9.tgz",
      "integrity": "sha512-kdMjTiekY+z/ubJCATUPlRDl39vXYiMV9iyeMuEuXZh2we6zz80uovNN2WlAxmmdE/Z/YQe+EbOEXB5RHEED3w==",
      "dev": true
    }
  }
}
